
Microsoft Visual Studio Solution File, Format Version 12.00
# Visual Studio Version 17
VisualStudioVersion = 17.6.33723.286
MinimumVisualStudioVersion = 10.0.40219.1
Project("{FAE04EC0-301F-11D3-BF4B-00C04F79EFBC}") = "CustomAttribute", "CustomAttribute\CustomAttribute.csproj", "{F3802910-3D6B-4A94-A889-F0A77D9E5103}"
EndProject
Global
	GlobalSection(SolutionConfigurationPlatforms) = preSolution
		Debug|Any CPU = Debug|Any CPU
		Release|Any CPU = Release|Any CPU
	EndGlobalSection
	GlobalSection(ProjectConfigurationPlatforms) = postSolution
		{F3802910-3D6B-4A94-A889-F0A77D9E5103}.Debug|Any CPU.ActiveCfg = Debug|Any CPU
		{F3802910-3D6B-4A94-A889-F0A77D9E5103}.Debug|Any CPU.Build.0 = Debug|Any CPU
		{F3802910-3D6B-4A94-A889-F0A77D9E5103}.Release|Any CPU.ActiveCfg = Release|Any CPU
		{F3802910-3D6B-4A94-A889-F0A77D9E5103}.Release|Any CPU.Build.0 = Release|Any CPU
	EndGlobalSection
	GlobalSection(SolutionProperties) = preSolution
		HideSolutionNode = FALSE
	EndGlobalSection
	GlobalSection(ExtensibilityGlobals) = postSolution
		SolutionGuid = {D9F8AE5B-FA87-430A-A6ED-B10BDDDB7755}
	EndGlobalSection
EndGlobal
