
Microsoft Visual Studio Solution File, Format Version 12.00
# Visual Studio Version 17
VisualStudioVersion = 17.6.33723.286
MinimumVisualStudioVersion = 10.0.40219.1
Project("{FAE04EC0-301F-11D3-BF4B-00C04F79EFBC}") = "HRM", "HRM\HRM.csproj", "{FF361B6F-2450-4E3D-8F00-6591DEFA9F6B}"
EndProject
Global
	GlobalSection(SolutionConfigurationPlatforms) = preSolution
		Debug|Any CPU = Debug|Any CPU
		Release|Any CPU = Release|Any CPU
	EndGlobalSection
	GlobalSection(ProjectConfigurationPlatforms) = postSolution
		{FF361B6F-2450-4E3D-8F00-6591DEFA9F6B}.Debug|Any CPU.ActiveCfg = Debug|Any CPU
		{FF361B6F-2450-4E3D-8F00-6591DEFA9F6B}.Debug|Any CPU.Build.0 = Debug|Any CPU
		{FF361B6F-2450-4E3D-8F00-6591DEFA9F6B}.Release|Any CPU.ActiveCfg = Release|Any CPU
		{FF361B6F-2450-4E3D-8F00-6591DEFA9F6B}.Release|Any CPU.Build.0 = Release|Any CPU
	EndGlobalSection
	GlobalSection(SolutionProperties) = preSolution
		HideSolutionNode = FALSE
	EndGlobalSection
	GlobalSection(ExtensibilityGlobals) = postSolution
		SolutionGuid = {CCA52B26-F56F-49FF-A2C8-EF6A72CD1DDE}
	EndGlobalSection
EndGlobal
