
Microsoft Visual Studio Solution File, Format Version 12.00
# Visual Studio Version 17
VisualStudioVersion = 17.6.33723.286
MinimumVisualStudioVersion = 10.0.40219.1
Project("{FAE04EC0-301F-11D3-BF4B-00C04F79EFBC}") = "InitialApplication", "InitialApplication\InitialApplication.csproj", "{EEC1E325-2D7F-4605-AB6E-E713BF89CDF4}"
EndProject
Global
	GlobalSection(SolutionConfigurationPlatforms) = preSolution
		Debug|Any CPU = Debug|Any CPU
		Release|Any CPU = Release|Any CPU
	EndGlobalSection
	GlobalSection(ProjectConfigurationPlatforms) = postSolution
		{EEC1E325-2D7F-4605-AB6E-E713BF89CDF4}.Debug|Any CPU.ActiveCfg = Debug|Any CPU
		{EEC1E325-2D7F-4605-AB6E-E713BF89CDF4}.Debug|Any CPU.Build.0 = Debug|Any CPU
		{EEC1E325-2D7F-4605-AB6E-E713BF89CDF4}.Release|Any CPU.ActiveCfg = Release|Any CPU
		{EEC1E325-2D7F-4605-AB6E-E713BF89CDF4}.Release|Any CPU.Build.0 = Release|Any CPU
	EndGlobalSection
	GlobalSection(SolutionProperties) = preSolution
		HideSolutionNode = FALSE
	EndGlobalSection
	GlobalSection(ExtensibilityGlobals) = postSolution
		SolutionGuid = {B31A5D28-4CC5-4A97-B453-0209B67E42E7}
	EndGlobalSection
EndGlobal
